{
  "name": "tor-utils",
  "version": "1.0.5",
  "lockfileVersion": 3,
  "requires": true,
  "packages": {
    "": {
      "name": "tor-utils",
      "version": "1.0.5",
      "license": "MIT",
      "os": [
        "darwin",
        "linux"
      ],
      "dependencies": {
        "tor-utils": "^1.0.3"
      },
      "bin": {
        "torcurl": "bin/torcurl.js",
        "torscp": "bin/torscp.js",
        "torsftp": "bin/torsftp.js",
        "torsh": "bin/torsh.js",
        "torssh": "bin/torssh.js",
        "torssh-copy-id": "bin/torssh-copy-id.js",
        "torutils": "bin/torssh.js"
      },
      "engines": {
        "node": ">=14.0.0"
      }
    },
    "node_modules/tor-utils": {
      "version": "1.0.3",
      "resolved": "https://registry.npmjs.org/tor-utils/-/tor-utils-1.0.3.tgz",
      "integrity": "sha512-KHmPZK/a/YhivH5QoXCNULwNVBvsaUbeqa6gX9aPnLj2vfH1jG+8PfQf8QNAr32TSgw0E8PhQ560COQdxFEshA==",
      "license": "MIT",
      "os": [
        "darwin",
        "linux"
      ],
      "bin": {
        "torscp": "bin/torscp.js",
        "torsftp": "bin/torsftp.js",
        "torsh": "bin/torsh.js",
        "torssh": "bin/torssh.js",
        "torssh-copy-id": "bin/torssh-copy-id.js"
      },
      "engines": {
        "node": ">=14.0.0"
      }
    }
  }
}
